
Microsoft Visual Studio Solution File, Format Version 12.00
Project("{FAE04EC0-301F-11D3-BF4B-00C04F79EFBC}") = "LegoStickers", "LegoStickers\LegoStickers.csproj", "{B5EDE7B2-6F13-48DD-A4CB-415AE030861E}"
EndProject
Project("{FAE04EC0-301F-11D3-BF4B-00C04F79EFBC}") = "SetBuilder", "SetBuilder\SetBuilder.csproj", "{F96EB3D7-4C61-484A-8F81-09B15E1504C8}"
EndProject
Project("{FAE04EC0-301F-11D3-BF4B-00C04F79EFBC}") = "LegoLib", "LegoLib\LegoLib.csproj", "{A44F0FC4-753A-4BCD-9F95-5906102575C8}"
EndProject
Global
	GlobalSection(SolutionConfigurationPlatforms) = preSolution
		Debug|Any CPU = Debug|Any CPU
		Release|Any CPU = Release|Any CPU
	EndGlobalSection
	GlobalSection(ProjectConfigurationPlatforms) = postSolution
		{B5EDE7B2-6F13-48DD-A4CB-415AE030861E}.Debug|Any CPU.ActiveCfg = Debug|Any CPU
		{B5EDE7B2-6F13-48DD-A4CB-415AE030861E}.Debug|Any CPU.Build.0 = Debug|Any CPU
		{B5EDE7B2-6F13-48DD-A4CB-415AE030861E}.Release|Any CPU.ActiveCfg = Release|Any CPU
		{B5EDE7B2-6F13-48DD-A4CB-415AE030861E}.Release|Any CPU.Build.0 = Release|Any CPU
		{F96EB3D7-4C61-484A-8F81-09B15E1504C8}.Debug|Any CPU.ActiveCfg = Debug|Any CPU
		{F96EB3D7-4C61-484A-8F81-09B15E1504C8}.Debug|Any CPU.Build.0 = Debug|Any CPU
		{F96EB3D7-4C61-484A-8F81-09B15E1504C8}.Release|Any CPU.ActiveCfg = Release|Any CPU
		{F96EB3D7-4C61-484A-8F81-09B15E1504C8}.Release|Any CPU.Build.0 = Release|Any CPU
		{A44F0FC4-753A-4BCD-9F95-5906102575C8}.Debug|Any CPU.ActiveCfg = Debug|Any CPU
		{A44F0FC4-753A-4BCD-9F95-5906102575C8}.Debug|Any CPU.Build.0 = Debug|Any CPU
		{A44F0FC4-753A-4BCD-9F95-5906102575C8}.Release|Any CPU.ActiveCfg = Release|Any CPU
		{A44F0FC4-753A-4BCD-9F95-5906102575C8}.Release|Any CPU.Build.0 = Release|Any CPU
	EndGlobalSection
EndGlobal
